
Microsoft Visual Studio Solution File, Format Version 12.00
# Visual Studio Version 17
VisualStudioVersion = 17.3.32922.545
MinimumVisualStudioVersion = 10.0.40219.1
Project("{FAE04EC0-301F-11D3-BF4B-00C04F79EFBC}") = "SanalBorsa.API", "SanalBorsa.API\SanalBorsa.API.csproj", "{AF19F9F0-08F2-4485-9A3D-BE3E70CE7EB2}"
EndProject
Project("{FAE04EC0-301F-11D3-BF4B-00C04F79EFBC}") = "SanalBorsa.Core", "SanalBorsa.Core\SanalBorsa.Core.csproj", "{8FF4B375-3C45-4DCA-8BCF-61DFAB3B3D11}"
EndProject
Project("{FAE04EC0-301F-11D3-BF4B-00C04F79EFBC}") = "SanalBorsa.Data", "SanalBorsa.Data\SanalBorsa.Data.csproj", "{7306074E-2BBE-4E64-9D36-323D62ACAEEC}"
EndProject
Project("{FAE04EC0-301F-11D3-BF4B-00C04F79EFBC}") = "SanalBorsa.Service", "SanalBorsa.Service\SanalBorsa.Service.csproj", "{DC281577-69CB-4FFB-9071-855F3BA15380}"
EndProject
Project("{FAE04EC0-301F-11D3-BF4B-00C04F79EFBC}") = "SanalBorsa.Bussines", "SanalBorsa.Bussines\SanalBorsa.Bussines.csproj", "{1DD487BF-0299-4E44-BD3C-38569B1FE6FD}"
EndProject
Global
	GlobalSection(SolutionConfigurationPlatforms) = preSolution
		Debug|Any CPU = Debug|Any CPU
		Release|Any CPU = Release|Any CPU
	EndGlobalSection
	GlobalSection(ProjectConfigurationPlatforms) = postSolution
		{AF19F9F0-08F2-4485-9A3D-BE3E70CE7EB2}.Debug|Any CPU.ActiveCfg = Debug|Any CPU
		{AF19F9F0-08F2-4485-9A3D-BE3E70CE7EB2}.Debug|Any CPU.Build.0 = Debug|Any CPU
		{AF19F9F0-08F2-4485-9A3D-BE3E70CE7EB2}.Release|Any CPU.ActiveCfg = Release|Any CPU
		{AF19F9F0-08F2-4485-9A3D-BE3E70CE7EB2}.Release|Any CPU.Build.0 = Release|Any CPU
		{8FF4B375-3C45-4DCA-8BCF-61DFAB3B3D11}.Debug|Any CPU.ActiveCfg = Debug|Any CPU
		{8FF4B375-3C45-4DCA-8BCF-61DFAB3B3D11}.Debug|Any CPU.Build.0 = Debug|Any CPU
		{8FF4B375-3C45-4DCA-8BCF-61DFAB3B3D11}.Release|Any CPU.ActiveCfg = Release|Any CPU
		{8FF4B375-3C45-4DCA-8BCF-61DFAB3B3D11}.Release|Any CPU.Build.0 = Release|Any CPU
		{7306074E-2BBE-4E64-9D36-323D62ACAEEC}.Debug|Any CPU.ActiveCfg = Debug|Any CPU
		{7306074E-2BBE-4E64-9D36-323D62ACAEEC}.Debug|Any CPU.Build.0 = Debug|Any CPU
		{7306074E-2BBE-4E64-9D36-323D62ACAEEC}.Release|Any CPU.ActiveCfg = Release|Any CPU
		{7306074E-2BBE-4E64-9D36-323D62ACAEEC}.Release|Any CPU.Build.0 = Release|Any CPU
		{DC281577-69CB-4FFB-9071-855F3BA15380}.Debug|Any CPU.ActiveCfg = Debug|Any CPU
		{DC281577-69CB-4FFB-9071-855F3BA15380}.Debug|Any CPU.Build.0 = Debug|Any CPU
		{DC281577-69CB-4FFB-9071-855F3BA15380}.Release|Any CPU.ActiveCfg = Release|Any CPU
		{DC281577-69CB-4FFB-9071-855F3BA15380}.Release|Any CPU.Build.0 = Release|Any CPU
		{1DD487BF-0299-4E44-BD3C-38569B1FE6FD}.Debug|Any CPU.ActiveCfg = Debug|Any CPU
		{1DD487BF-0299-4E44-BD3C-38569B1FE6FD}.Debug|Any CPU.Build.0 = Debug|Any CPU
		{1DD487BF-0299-4E44-BD3C-38569B1FE6FD}.Release|Any CPU.ActiveCfg = Release|Any CPU
		{1DD487BF-0299-4E44-BD3C-38569B1FE6FD}.Release|Any CPU.Build.0 = Release|Any CPU
	EndGlobalSection
	GlobalSection(SolutionProperties) = preSolution
		HideSolutionNode = FALSE
	EndGlobalSection
	GlobalSection(ExtensibilityGlobals) = postSolution
		SolutionGuid = {64AFD919-50CF-493F-AE9D-BA65402D3E01}
	EndGlobalSection
EndGlobal
